# generated by rye
# use `rye lock` or `rye sync` to update this lockfile
#
# last locked with the following flags:
#   pre: false
#   features: []
#   all-features: false
#   with-sources: false
#   generate-hashes: false
#   universal: false

-e file:.
annotated-types==0.7.0
    # via pydantic
certifi==2025.8.3
    # via requests
charset-normalizer==3.4.3
    # via requests
coloredlogs==15.0.1
    # via onnxruntime
filelock==3.19.1
    # via huggingface-hub
    # via torch
    # via transformers
flatbuffers==25.2.10
    # via onnxruntime
fsspec==2025.9.0
    # via huggingface-hub
    # via torch
hf-xet==1.1.9
    # via huggingface-hub
huggingface-hub==0.34.4
    # via onnx-transform
    # via tokenizers
    # via transformers
humanfriendly==10.0
    # via coloredlogs
idna==3.10
    # via requests
jinja2==3.1.6
    # via torch
markupsafe==3.0.2
    # via jinja2
ml-dtypes==0.5.3
    # via onnx
mpmath==1.3.0
    # via sympy
networkx==3.5
    # via torch
numpy==2.3.2
    # via ml-dtypes
    # via onnx
    # via onnxruntime
    # via transformers
onnx==1.19.0
    # via onnx-transform
onnxruntime==1.22.1
    # via onnx-transform
packaging==25.0
    # via huggingface-hub
    # via onnxruntime
    # via pyproject-toml
    # via transformers
protobuf==6.32.0
    # via onnx
    # via onnxruntime
pydantic==2.11.7
    # via pyproject-toml
pydantic-core==2.33.2
    # via pydantic
pyproject-toml==0.1.0
    # via onnx-transform
pyyaml==6.0.2
    # via huggingface-hub
    # via transformers
regex==2025.9.1
    # via transformers
requests==2.32.5
    # via huggingface-hub
    # via transformers
safetensors==0.6.2
    # via transformers
sentencepiece==0.2.1
    # via onnx-transform
sympy==1.14.0
    # via onnxruntime
    # via torch
tokenizers==0.22.0
    # via transformers
torch==2.8.0
    # via onnx-transform
tqdm==4.67.1
    # via huggingface-hub
    # via transformers
transformers==4.56.0
    # via onnx-transform
typing-extensions==4.15.0
    # via huggingface-hub
    # via onnx
    # via pydantic
    # via pydantic-core
    # via torch
    # via typing-inspection
typing-inspection==0.4.1
    # via pydantic
urllib3==2.5.0
    # via requests
wheel==0.45.1
    # via pyproject-toml
setuptools==80.9.0
    # via pyproject-toml
    # via torch
